
Microsoft Visual Studio Solution File, Format Version 12.00
# Visual Studio Version 17
VisualStudioVersion = 17.11.35312.102
MinimumVisualStudioVersion = 10.0.40219.1
Project("{9A19103F-16F7-4668-BE54-9A1E7A4F7556}") = "ExamApp.Api", "ExamApp.Api\ExamApp.Api.csproj", "{529F0B61-AC9E-44E1-94A8-1D44A0D1FE71}"
EndProject
Project("{9A19103F-16F7-4668-BE54-9A1E7A4F7556}") = "ExamApp.Services", "ExamApp.Services\ExamApp.Services.csproj", "{957AC659-6830-4E0B-ABE2-FAB8F7DDC318}"
EndProject
Project("{9A19103F-16F7-4668-BE54-9A1E7A4F7556}") = "ExamApp.Domain", "ExamApp.Domain\ExamApp.Domain.csproj", "{C2C68303-A5BF-45F4-80FD-9CFF0815D512}"
EndProject
Project("{FAE04EC0-301F-11D3-BF4B-00C04F79EFBC}") = "ExamAppTests", "ExamAppTests\ExamAppTests.csproj", "{C4184326-3AC4-48DD-A29B-FFE9887B975C}"
EndProject
Global
	GlobalSection(SolutionConfigurationPlatforms) = preSolution
		Debug|Any CPU = Debug|Any CPU
		Release|Any CPU = Release|Any CPU
	EndGlobalSection
	GlobalSection(ProjectConfigurationPlatforms) = postSolution
		{529F0B61-AC9E-44E1-94A8-1D44A0D1FE71}.Debug|Any CPU.ActiveCfg = Debug|Any CPU
		{529F0B61-AC9E-44E1-94A8-1D44A0D1FE71}.Debug|Any CPU.Build.0 = Debug|Any CPU
		{529F0B61-AC9E-44E1-94A8-1D44A0D1FE71}.Release|Any CPU.ActiveCfg = Release|Any CPU
		{529F0B61-AC9E-44E1-94A8-1D44A0D1FE71}.Release|Any CPU.Build.0 = Release|Any CPU
		{957AC659-6830-4E0B-ABE2-FAB8F7DDC318}.Debug|Any CPU.ActiveCfg = Debug|Any CPU
		{957AC659-6830-4E0B-ABE2-FAB8F7DDC318}.Debug|Any CPU.Build.0 = Debug|Any CPU
		{957AC659-6830-4E0B-ABE2-FAB8F7DDC318}.Release|Any CPU.ActiveCfg = Release|Any CPU
		{957AC659-6830-4E0B-ABE2-FAB8F7DDC318}.Release|Any CPU.Build.0 = Release|Any CPU
		{C2C68303-A5BF-45F4-80FD-9CFF0815D512}.Debug|Any CPU.ActiveCfg = Debug|Any CPU
		{C2C68303-A5BF-45F4-80FD-9CFF0815D512}.Debug|Any CPU.Build.0 = Debug|Any CPU
		{C2C68303-A5BF-45F4-80FD-9CFF0815D512}.Release|Any CPU.ActiveCfg = Release|Any CPU
		{C2C68303-A5BF-45F4-80FD-9CFF0815D512}.Release|Any CPU.Build.0 = Release|Any CPU
		{C4184326-3AC4-48DD-A29B-FFE9887B975C}.Debug|Any CPU.ActiveCfg = Debug|Any CPU
		{C4184326-3AC4-48DD-A29B-FFE9887B975C}.Debug|Any CPU.Build.0 = Debug|Any CPU
		{C4184326-3AC4-48DD-A29B-FFE9887B975C}.Release|Any CPU.ActiveCfg = Release|Any CPU
		{C4184326-3AC4-48DD-A29B-FFE9887B975C}.Release|Any CPU.Build.0 = Release|Any CPU
	EndGlobalSection
	GlobalSection(SolutionProperties) = preSolution
		HideSolutionNode = FALSE
	EndGlobalSection
	GlobalSection(ExtensibilityGlobals) = postSolution
		SolutionGuid = {72007033-EC61-4D9A-8853-F4DF868217E5}
	EndGlobalSection
EndGlobal
